// !$*UTF8*$!
{
	archiveVersion = 1;
	classes = {
	};
	objectVersion = 46;
	objects = {

/* Begin PBXBuildFile section */
		1997FB3E16BF889B004BB50A /* UIActivityIndicatorView+ScaleAnimation.m in Sources */ = {isa = PBXBuildFile; fileRef = 1997FB3D16BF889B004BB50A /* UIActivityIndicatorView+ScaleAnimation.m */; };
		7F0F0880164BE48700C4A4EA /* UIKit.framework in Frameworks */ = {isa = PBXBuildFile; fileRef = 7F0F087F164BE48700C4A4EA /* UIKit.framework */; };
		7F0F0882164BE48700C4A4EA /* Foundation.framework in Frameworks */ = {isa = PBXBuildFile; fileRef = 7F0F0881164BE48700C4A4EA /* Foundation.framework */; };
		7F0F0884164BE48700C4A4EA /* CoreGraphics.framework in Frameworks */ = {isa = PBXBuildFile; fileRef = 7F0F0883164BE48700C4A4EA /* CoreGraphics.framework */; };
		7F0F088A164BE48700C4A4EA /* InfoPlist.strings in Resources */ = {isa = PBXBuildFile; fileRef = 7F0F0888164BE48700C4A4EA /* InfoPlist.strings */; };
		7F0F088C164BE48700C4A4EA /* main.m in Sources */ = {isa = PBXBuildFile; fileRef = 7F0F088B164BE48700C4A4EA /* main.m */; };
		7F0F0890164BE48700C4A4EA /* ISAppDelegate.m in Sources */ = {isa = PBXBuildFile; fileRef = 7F0F088F164BE48700C4A4EA /* ISAppDelegate.m */; };
		7F0F0892164BE48700C4A4EA /* Default.png in Resources */ = {isa = PBXBuildFile; fileRef = 7F0F0891164BE48700C4A4EA /* Default.png */; };
		7F0F0894164BE48700C4A4EA /* Default@2x.png in Resources */ = {isa = PBXBuildFile; fileRef = 7F0F0893164BE48700C4A4EA /* Default@2x.png */; };
		7F0F0896164BE48700C4A4EA /* Default-568h@2x.png in Resources */ = {isa = PBXBuildFile; fileRef = 7F0F0895164BE48700C4A4EA /* Default-568h@2x.png */; };
		7F0F08A6164BE71200C4A4EA /* ISDemoViewController.m in Sources */ = {isa = PBXBuildFile; fileRef = 7F0F08A5164BE71200C4A4EA /* ISDemoViewController.m */; };
		7F49DD50165887AD0046D42F /* ISRefresgControlIcon.png in Resources */ = {isa = PBXBuildFile; fileRef = 7F49DD46165887AD0046D42F /* ISRefresgControlIcon.png */; };
		7F49DD51165887AD0046D42F /* ISRefresgControlIcon@2x.png in Resources */ = {isa = PBXBuildFile; fileRef = 7F49DD47165887AD0046D42F /* ISRefresgControlIcon@2x.png */; };
		7F66A6201694AA030011B614 /* ISUtility.m in Sources */ = {isa = PBXBuildFile; fileRef = 7F66A61F1694AA030011B614 /* ISUtility.m */; };
		7F68C0021661CFC100F72ED4 /* iPhone.storyboard in Resources */ = {isa = PBXBuildFile; fileRef = 7F68C0011661CFC100F72ED4 /* iPhone.storyboard */; };
		7F68C0031661D03A00F72ED4 /* ISGumView.m in Sources */ = {isa = PBXBuildFile; fileRef = 7F49DD49165887AD0046D42F /* ISGumView.m */; };
		7F68C0041661D03A00F72ED4 /* ISRefreshControl.m in Sources */ = {isa = PBXBuildFile; fileRef = 7F49DD4B165887AD0046D42F /* ISRefreshControl.m */; };
		7F68C0071661D05900F72ED4 /* UITableViewController+RefreshControl.m in Sources */ = {isa = PBXBuildFile; fileRef = 7F49DD4F165887AD0046D42F /* UITableViewController+RefreshControl.m */; };
/* End PBXBuildFile section */

/* Begin PBXFileReference section */
		1997FB3C16BF889B004BB50A /* UIActivityIndicatorView+ScaleAnimation.h */ = {isa = PBXFileReference; fileEncoding = 4; lastKnownFileType = sourcecode.c.h; path = "UIActivityIndicatorView+ScaleAnimation.h"; sourceTree = "<group>"; };
		1997FB3D16BF889B004BB50A /* UIActivityIndicatorView+ScaleAnimation.m */ = {isa = PBXFileReference; fileEncoding = 4; lastKnownFileType = sourcecode.c.objc; path = "UIActivityIndicatorView+ScaleAnimation.m"; sourceTree = "<group>"; };
		7F0F087B164BE48700C4A4EA /* ISRCDemo.app */ = {isa = PBXFileReference; explicitFileType = wrapper.application; includeInIndex = 0; path = ISRCDemo.app; sourceTree = BUILT_PRODUCTS_DIR; };
		7F0F087F164BE48700C4A4EA /* UIKit.framework */ = {isa = PBXFileReference; lastKnownFileType = wrapper.framework; name = UIKit.framework; path = System/Library/Frameworks/UIKit.framework; sourceTree = SDKROOT; };
		7F0F0881164BE48700C4A4EA /* Foundation.framework */ = {isa = PBXFileReference; lastKnownFileType = wrapper.framework; name = Foundation.framework; path = System/Library/Frameworks/Foundation.framework; sourceTree = SDKROOT; };
		7F0F0883164BE48700C4A4EA /* CoreGraphics.framework */ = {isa = PBXFileReference; lastKnownFileType = wrapper.framework; name = CoreGraphics.framework; path = System/Library/Frameworks/CoreGraphics.framework; sourceTree = SDKROOT; };
		7F0F0887164BE48700C4A4EA /* ISRCDemo-Info.plist */ = {isa = PBXFileReference; lastKnownFileType = text.plist.xml; path = "ISRCDemo-Info.plist"; sourceTree = "<group>"; };
		7F0F0889164BE48700C4A4EA /* en */ = {isa = PBXFileReference; lastKnownFileType = text.plist.strings; name = en; path = en.lproj/InfoPlist.strings; sourceTree = "<group>"; };
		7F0F088B164BE48700C4A4EA /* main.m */ = {isa = PBXFileReference; lastKnownFileType = sourcecode.c.objc; path = main.m; sourceTree = "<group>"; };
		7F0F088D164BE48700C4A4EA /* ISRCDemo-Prefix.pch */ = {isa = PBXFileReference; lastKnownFileType = sourcecode.c.h; path = "ISRCDemo-Prefix.pch"; sourceTree = "<group>"; };
		7F0F088E164BE48700C4A4EA /* ISAppDelegate.h */ = {isa = PBXFileReference; lastKnownFileType = sourcecode.c.h; path = ISAppDelegate.h; sourceTree = "<group>"; };
		7F0F088F164BE48700C4A4EA /* ISAppDelegate.m */ = {isa = PBXFileReference; lastKnownFileType = sourcecode.c.objc; path = ISAppDelegate.m; sourceTree = "<group>"; };
		7F0F0891164BE48700C4A4EA /* Default.png */ = {isa = PBXFileReference; lastKnownFileType = image.png; path = Default.png; sourceTree = "<group>"; };
		7F0F0893164BE48700C4A4EA /* Default@2x.png */ = {isa = PBXFileReference; lastKnownFileType = image.png; path = "Default@2x.png"; sourceTree = "<group>"; };
		7F0F0895164BE48700C4A4EA /* Default-568h@2x.png */ = {isa = PBXFileReference; lastKnownFileType = image.png; path = "Default-568h@2x.png"; sourceTree = "<group>"; };
		7F0F08A4164BE71200C4A4EA /* ISDemoViewController.h */ = {isa = PBXFileReference; fileEncoding = 4; lastKnownFileType = sourcecode.c.h; path = ISDemoViewController.h; sourceTree = "<group>"; };
		7F0F08A5164BE71200C4A4EA /* ISDemoViewController.m */ = {isa = PBXFileReference; fileEncoding = 4; lastKnownFileType = sourcecode.c.objc; path = ISDemoViewController.m; sourceTree = "<group>"; };
		7F49DD46165887AD0046D42F /* ISRefresgControlIcon.png */ = {isa = PBXFileReference; lastKnownFileType = image.png; path = ISRefresgControlIcon.png; sourceTree = "<group>"; };
		7F49DD47165887AD0046D42F /* ISRefresgControlIcon@2x.png */ = {isa = PBXFileReference; lastKnownFileType = image.png; path = "ISRefresgControlIcon@2x.png"; sourceTree = "<group>"; };
		7F49DD48165887AD0046D42F /* ISGumView.h */ = {isa = PBXFileReference; fileEncoding = 4; lastKnownFileType = sourcecode.c.h; path = ISGumView.h; sourceTree = "<group>"; };
		7F49DD49165887AD0046D42F /* ISGumView.m */ = {isa = PBXFileReference; fileEncoding = 4; lastKnownFileType = sourcecode.c.objc; path = ISGumView.m; sourceTree = "<group>"; };
		7F49DD4A165887AD0046D42F /* ISRefreshControl.h */ = {isa = PBXFileReference; fileEncoding = 4; lastKnownFileType = sourcecode.c.h; path = ISRefreshControl.h; sourceTree = "<group>"; };
		7F49DD4B165887AD0046D42F /* ISRefreshControl.m */ = {isa = PBXFileReference; fileEncoding = 4; lastKnownFileType = sourcecode.c.objc; path = ISRefreshControl.m; sourceTree = "<group>"; };
		7F49DD4E165887AD0046D42F /* UITableViewController+RefreshControl.h */ = {isa = PBXFileReference; fileEncoding = 4; lastKnownFileType = sourcecode.c.h; path = "UITableViewController+RefreshControl.h"; sourceTree = "<group>"; };
		7F49DD4F165887AD0046D42F /* UITableViewController+RefreshControl.m */ = {isa = PBXFileReference; fileEncoding = 4; lastKnownFileType = sourcecode.c.objc; path = "UITableViewController+RefreshControl.m"; sourceTree = "<group>"; };
		7F66A61E1694AA030011B614 /* ISUtility.h */ = {isa = PBXFileReference; fileEncoding = 4; lastKnownFileType = sourcecode.c.h; path = ISUtility.h; sourceTree = "<group>"; };
		7F66A61F1694AA030011B614 /* ISUtility.m */ = {isa = PBXFileReference; fileEncoding = 4; lastKnownFileType = sourcecode.c.objc; path = ISUtility.m; sourceTree = "<group>"; };
		7F68C0011661CFC100F72ED4 /* iPhone.storyboard */ = {isa = PBXFileReference; fileEncoding = 4; lastKnownFileType = file.storyboard; path = iPhone.storyboard; sourceTree = "<group>"; };
/* End PBXFileReference section */

/* Begin PBXFrameworksBuildPhase section */
		7F0F0878164BE48700C4A4EA /* Frameworks */ = {
			isa = PBXFrameworksBuildPhase;
			buildActionMask = 2147483647;
			files = (
				7F0F0880164BE48700C4A4EA /* UIKit.framework in Frameworks */,
				7F0F0882164BE48700C4A4EA /* Foundation.framework in Frameworks */,
				7F0F0884164BE48700C4A4EA /* CoreGraphics.framework in Frameworks */,
			);
			runOnlyForDeploymentPostprocessing = 0;
		};
/* End PBXFrameworksBuildPhase section */

/* Begin PBXGroup section */
		7F0F0870164BE48700C4A4EA = {
			isa = PBXGroup;
			children = (
				7F0F0885164BE48700C4A4EA /* ISRCDemo */,
				7F49DD44165887AD0046D42F /* ISRefreshControl */,
				7F0F087E164BE48700C4A4EA /* Frameworks */,
				7F0F087C164BE48700C4A4EA /* Products */,
			);
			sourceTree = "<group>";
		};
		7F0F087C164BE48700C4A4EA /* Products */ = {
			isa = PBXGroup;
			children = (
				7F0F087B164BE48700C4A4EA /* ISRCDemo.app */,
			);
			name = Products;
			sourceTree = "<group>";
		};
		7F0F087E164BE48700C4A4EA /* Frameworks */ = {
			isa = PBXGroup;
			children = (
				7F0F087F164BE48700C4A4EA /* UIKit.framework */,
				7F0F0881164BE48700C4A4EA /* Foundation.framework */,
				7F0F0883164BE48700C4A4EA /* CoreGraphics.framework */,
			);
			name = Frameworks;
			sourceTree = "<group>";
		};
		7F0F0885164BE48700C4A4EA /* ISRCDemo */ = {
			isa = PBXGroup;
			children = (
				7F68C0011661CFC100F72ED4 /* iPhone.storyboard */,
				7F0F088E164BE48700C4A4EA /* ISAppDelegate.h */,
				7F0F088F164BE48700C4A4EA /* ISAppDelegate.m */,
				7F0F08A4164BE71200C4A4EA /* ISDemoViewController.h */,
				7F0F08A5164BE71200C4A4EA /* ISDemoViewController.m */,
				7F0F0886164BE48700C4A4EA /* Supporting Files */,
			);
			path = ISRCDemo;
			sourceTree = "<group>";
		};
		7F0F0886164BE48700C4A4EA /* Supporting Files */ = {
			isa = PBXGroup;
			children = (
				7F0F0887164BE48700C4A4EA /* ISRCDemo-Info.plist */,
				7F0F0888164BE48700C4A4EA /* InfoPlist.strings */,
				7F0F088B164BE48700C4A4EA /* main.m */,
				7F0F088D164BE48700C4A4EA /* ISRCDemo-Prefix.pch */,
				7F0F0891164BE48700C4A4EA /* Default.png */,
				7F0F0893164BE48700C4A4EA /* Default@2x.png */,
				7F0F0895164BE48700C4A4EA /* Default-568h@2x.png */,
			);
			name = "Supporting Files";
			sourceTree = "<group>";
		};
		7F49DD44165887AD0046D42F /* ISRefreshControl */ = {
			isa = PBXGroup;
			children = (
				7F49DD45165887AD0046D42F /* Images */,
				7F49DD48165887AD0046D42F /* ISGumView.h */,
				7F49DD49165887AD0046D42F /* ISGumView.m */,
				7F49DD4A165887AD0046D42F /* ISRefreshControl.h */,
				7F49DD4B165887AD0046D42F /* ISRefreshControl.m */,
				1997FB3C16BF889B004BB50A /* UIActivityIndicatorView+ScaleAnimation.h */,
				1997FB3D16BF889B004BB50A /* UIActivityIndicatorView+ScaleAnimation.m */,
				7F49DD4E165887AD0046D42F /* UITableViewController+RefreshControl.h */,
				7F49DD4F165887AD0046D42F /* UITableViewController+RefreshControl.m */,
				7F66A61E1694AA030011B614 /* ISUtility.h */,
				7F66A61F1694AA030011B614 /* ISUtility.m */,
			);
			name = ISRefreshControl;
			path = ../ISRefreshControl;
			sourceTree = "<group>";
		};
		7F49DD45165887AD0046D42F /* Images */ = {
			isa = PBXGroup;
			children = (
				7F49DD46165887AD0046D42F /* ISRefresgControlIcon.png */,
				7F49DD47165887AD0046D42F /* ISRefresgControlIcon@2x.png */,
			);
			path = Images;
			sourceTree = "<group>";
		};
/* End PBXGroup section */

/* Begin PBXNativeTarget section */
		7F0F087A164BE48700C4A4EA /* ISRCDemo */ = {
			isa = PBXNativeTarget;
			buildConfigurationList = 7F0F0899164BE48700C4A4EA /* Build configuration list for PBXNativeTarget "ISRCDemo" */;
			buildPhases = (
				7F0F0877164BE48700C4A4EA /* Sources */,
				7F0F0878164BE48700C4A4EA /* Frameworks */,
				7F0F0879164BE48700C4A4EA /* Resources */,
			);
			buildRules = (
			);
			dependencies = (
			);
			name = ISRCDemo;
			productName = ISRCDemo;
			productReference = 7F0F087B164BE48700C4A4EA /* ISRCDemo.app */;
			productType = "com.apple.product-type.application";
		};
/* End PBXNativeTarget section */

/* Begin PBXProject section */
		7F0F0872164BE48700C4A4EA /* Project object */ = {
			isa = PBXProject;
			attributes = {
				CLASSPREFIX = IS;
				LastUpgradeCheck = 0450;
				ORGANIZATIONNAME = "Yosuke Ishikawa";
			};
			buildConfigurationList = 7F0F0875164BE48700C4A4EA /* Build configuration list for PBXProject "ISRCDemo" */;
			compatibilityVersion = "Xcode 3.2";
			developmentRegion = English;
			hasScannedForEncodings = 0;
			knownRegions = (
				en,
			);
			mainGroup = 7F0F0870164BE48700C4A4EA;
			productRefGroup = 7F0F087C164BE48700C4A4EA /* Products */;
			projectDirPath = "";
			projectRoot = "";
			targets = (
				7F0F087A164BE48700C4A4EA /* ISRCDemo */,
			);
		};
/* End PBXProject section */

/* Begin PBXResourcesBuildPhase section */
		7F0F0879164BE48700C4A4EA /* Resources */ = {
			isa = PBXResourcesBuildPhase;
			buildActionMask = 2147483647;
			files = (
				7F0F088A164BE48700C4A4EA /* InfoPlist.strings in Resources */,
				7F0F0892164BE48700C4A4EA /* Default.png in Resources */,
				7F0F0894164BE48700C4A4EA /* Default@2x.png in Resources */,
				7F0F0896164BE48700C4A4EA /* Default-568h@2x.png in Resources */,
				7F49DD50165887AD0046D42F /* ISRefresgControlIcon.png in Resources */,
				7F49DD51165887AD0046D42F /* ISRefresgControlIcon@2x.png in Resources */,
				7F68C0021661CFC100F72ED4 /* iPhone.storyboard in Resources */,
			);
			runOnlyForDeploymentPostprocessing = 0;
		};
/* End PBXResourcesBuildPhase section */

/* Begin PBXSourcesBuildPhase section */
		7F0F0877164BE48700C4A4EA /* Sources */ = {
			isa = PBXSourcesBuildPhase;
			buildActionMask = 2147483647;
			files = (
				7F0F088C164BE48700C4A4EA /* main.m in Sources */,
				7F0F0890164BE48700C4A4EA /* ISAppDelegate.m in Sources */,
				7F0F08A6164BE71200C4A4EA /* ISDemoViewController.m in Sources */,
				7F68C0031661D03A00F72ED4 /* ISGumView.m in Sources */,
				7F68C0041661D03A00F72ED4 /* ISRefreshControl.m in Sources */,
				7F68C0071661D05900F72ED4 /* UITableViewController+RefreshControl.m in Sources */,
				7F66A6201694AA030011B614 /* ISUtility.m in Sources */,
				1997FB3E16BF889B004BB50A /* UIActivityIndicatorView+ScaleAnimation.m in Sources */,
			);
			runOnlyForDeploymentPostprocessing = 0;
		};
/* End PBXSourcesBuildPhase section */

/* Begin PBXVariantGroup section */
		7F0F0888164BE48700C4A4EA /* InfoPlist.strings */ = {
			isa = PBXVariantGroup;
			children = (
				7F0F0889164BE48700C4A4EA /* en */,
			);
			name = InfoPlist.strings;
			sourceTree = "<group>";
		};
/* End PBXVariantGroup section */

/* Begin XCBuildConfiguration section */
		7F0F0897164BE48700C4A4EA /* Debug */ = {
			isa = XCBuildConfiguration;
			buildSettings = {
				ALWAYS_SEARCH_USER_PATHS = NO;
				CLANG_CXX_LANGUAGE_STANDARD = "gnu++0x";
				CLANG_CXX_LIBRARY = "libc++";
				CLANG_ENABLE_OBJC_ARC = YES;
				CLANG_WARN_EMPTY_BODY = YES;
				CLANG_WARN__DUPLICATE_METHOD_MATCH = YES;
				"CODE_SIGN_IDENTITY[sdk=iphoneos*]" = "iPhone Developer";
				COPY_PHASE_STRIP = NO;
				GCC_C_LANGUAGE_STANDARD = gnu99;
				GCC_DYNAMIC_NO_PIC = NO;
				GCC_OPTIMIZATION_LEVEL = 0;
				GCC_PREPROCESSOR_DEFINITIONS = (
					"DEBUG=1",
					"$(inherited)",
				);
				GCC_SYMBOLS_PRIVATE_EXTERN = NO;
				GCC_WARN_ABOUT_RETURN_TYPE = YES;
				GCC_WARN_UNINITIALIZED_AUTOS = YES;
				GCC_WARN_UNUSED_VARIABLE = YES;
				IPHONEOS_DEPLOYMENT_TARGET = 6.0;
				ONLY_ACTIVE_ARCH = YES;
				SDKROOT = iphoneos;
			};
			name = Debug;
		};
		7F0F0898164BE48700C4A4EA /* Release */ = {
			isa = XCBuildConfiguration;
			buildSettings = {
				ALWAYS_SEARCH_USER_PATHS = NO;
				CLANG_CXX_LANGUAGE_STANDARD = "gnu++0x";
				CLANG_CXX_LIBRARY = "libc++";
				CLANG_ENABLE_OBJC_ARC = YES;
				CLANG_WARN_EMPTY_BODY = YES;
				CLANG_WARN__DUPLICATE_METHOD_MATCH = YES;
				"CODE_SIGN_IDENTITY[sdk=iphoneos*]" = "iPhone Developer";
				COPY_PHASE_STRIP = YES;
				GCC_C_LANGUAGE_STANDARD = gnu99;
				GCC_WARN_ABOUT_RETURN_TYPE = YES;
				GCC_WARN_UNINITIALIZED_AUTOS = YES;
				GCC_WARN_UNUSED_VARIABLE = YES;
				IPHONEOS_DEPLOYMENT_TARGET = 6.0;
				OTHER_CFLAGS = "-DNS_BLOCK_ASSERTIONS=1";
				SDKROOT = iphoneos;
				VALIDATE_PRODUCT = YES;
			};
			name = Release;
		};
		7F0F089A164BE48700C4A4EA /* Debug */ = {
			isa = XCBuildConfiguration;
			buildSettings = {
				GCC_PRECOMPILE_PREFIX_HEADER = YES;
				GCC_PREFIX_HEADER = "ISRCDemo/ISRCDemo-Prefix.pch";
				INFOPLIST_FILE = "ISRCDemo/ISRCDemo-Info.plist";
				IPHONEOS_DEPLOYMENT_TARGET = 5.0;
				PRODUCT_NAME = "$(TARGET_NAME)";
				TARGETED_DEVICE_FAMILY = "1,2";
				WRAPPER_EXTENSION = app;
			};
			name = Debug;
		};
		7F0F089B164BE48700C4A4EA /* Release */ = {
			isa = XCBuildConfiguration;
			buildSettings = {
				GCC_PRECOMPILE_PREFIX_HEADER = YES;
				GCC_PREFIX_HEADER = "ISRCDemo/ISRCDemo-Prefix.pch";
				INFOPLIST_FILE = "ISRCDemo/ISRCDemo-Info.plist";
				IPHONEOS_DEPLOYMENT_TARGET = 5.0;
				PRODUCT_NAME = "$(TARGET_NAME)";
				TARGETED_DEVICE_FAMILY = "1,2";
				WRAPPER_EXTENSION = app;
			};
			name = Release;
		};
/* End XCBuildConfiguration section */

/* Begin XCConfigurationList section */
		7F0F0875164BE48700C4A4EA /* Build configuration list for PBXProject "ISRCDemo" */ = {
			isa = XCConfigurationList;
			buildConfigurations = (
				7F0F0897164BE48700C4A4EA /* Debug */,
				7F0F0898164BE48700C4A4EA /* Release */,
			);
			defaultConfigurationIsVisible = 0;
			defaultConfigurationName = Release;
		};
		7F0F0899164BE48700C4A4EA /* Build configuration list for PBXNativeTarget "ISRCDemo" */ = {
			isa = XCConfigurationList;
			buildConfigurations = (
				7F0F089A164BE48700C4A4EA /* Debug */,
				7F0F089B164BE48700C4A4EA /* Release */,
			);
			defaultConfigurationIsVisible = 0;
			defaultConfigurationName = Release;
		};
/* End XCConfigurationList section */
	};
	rootObject = 7F0F0872164BE48700C4A4EA /* Project object */;
}
